
Microsoft Visual Studio Solution File, Format Version 12.00
# Visual Studio Version 16
VisualStudioVersion = 16.0.32510.428
MinimumVisualStudioVersion = 10.0.40219.1
Project("{FAE04EC0-301F-11D3-BF4B-00C04F79EFBC}") = "SalonKrasotiApp", "SalonKrasotiApp\SalonKrasotiApp.csproj", "{93FFCA43-F35F-4304-BB50-3D6EE60A123E}"
EndProject
Global
	GlobalSection(SolutionConfigurationPlatforms) = preSolution
		Debug|Any CPU = Debug|Any CPU
		Release|Any CPU = Release|Any CPU
	EndGlobalSection
	GlobalSection(ProjectConfigurationPlatforms) = postSolution
		{93FFCA43-F35F-4304-BB50-3D6EE60A123E}.Debug|Any CPU.ActiveCfg = Debug|Any CPU
		{93FFCA43-F35F-4304-BB50-3D6EE60A123E}.Debug|Any CPU.Build.0 = Debug|Any CPU
		{93FFCA43-F35F-4304-BB50-3D6EE60A123E}.Release|Any CPU.ActiveCfg = Release|Any CPU
		{93FFCA43-F35F-4304-BB50-3D6EE60A123E}.Release|Any CPU.Build.0 = Release|Any CPU
	EndGlobalSection
	GlobalSection(SolutionProperties) = preSolution
		HideSolutionNode = FALSE
	EndGlobalSection
	GlobalSection(ExtensibilityGlobals) = postSolution
		SolutionGuid = {6B769A83-6127-4127-94EC-CA9A53E7DAB9}
	EndGlobalSection
EndGlobal
